
Microsoft Visual Studio Solution File, Format Version 12.00
# Visual Studio Version 16
VisualStudioVersion = 16.0.31624.102
MinimumVisualStudioVersion = 10.0.40219.1
Project("{9092AA53-FB77-4645-B42D-1CCCA6BD08BD}") = "Message mixer", "Message mixer\Message mixer.njsproj", "{2864EBBC-0E01-45D0-880A-937CE38A142C}"
EndProject
Global
	GlobalSection(SolutionConfigurationPlatforms) = preSolution
		Debug|Any CPU = Debug|Any CPU
		Release|Any CPU = Release|Any CPU
	EndGlobalSection
	GlobalSection(ProjectConfigurationPlatforms) = postSolution
		{2864EBBC-0E01-45D0-880A-937CE38A142C}.Debug|Any CPU.ActiveCfg = Debug|Any CPU
		{2864EBBC-0E01-45D0-880A-937CE38A142C}.Debug|Any CPU.Build.0 = Debug|Any CPU
		{2864EBBC-0E01-45D0-880A-937CE38A142C}.Release|Any CPU.ActiveCfg = Release|Any CPU
		{2864EBBC-0E01-45D0-880A-937CE38A142C}.Release|Any CPU.Build.0 = Release|Any CPU
	EndGlobalSection
	GlobalSection(SolutionProperties) = preSolution
		HideSolutionNode = FALSE
	EndGlobalSection
	GlobalSection(ExtensibilityGlobals) = postSolution
		SolutionGuid = {47C1C156-5216-4C0E-AF42-3E44A115249B}
	EndGlobalSection
EndGlobal
